
Microsoft Visual Studio Solution File, Format Version 12.00
# Visual Studio 2013
VisualStudioVersion = 12.0.30501.0
MinimumVisualStudioVersion = 10.0.40219.1
Project("{FAE04EC0-301F-11D3-BF4B-00C04F79EFBC}") = "HolidayApproval.V2", "HolidayApproval.V2\HolidayApproval.V2.csproj", "{876582CA-135F-42EF-8D03-0FE4C3FCF33A}"
EndProject
Global
	GlobalSection(SolutionConfigurationPlatforms) = preSolution
		Debug|Any CPU = Debug|Any CPU
		Release|Any CPU = Release|Any CPU
	EndGlobalSection
	GlobalSection(ProjectConfigurationPlatforms) = postSolution
		{876582CA-135F-42EF-8D03-0FE4C3FCF33A}.Debug|Any CPU.ActiveCfg = Debug|Any CPU
		{876582CA-135F-42EF-8D03-0FE4C3FCF33A}.Debug|Any CPU.Build.0 = Debug|Any CPU
		{876582CA-135F-42EF-8D03-0FE4C3FCF33A}.Release|Any CPU.ActiveCfg = Release|Any CPU
		{876582CA-135F-42EF-8D03-0FE4C3FCF33A}.Release|Any CPU.Build.0 = Release|Any CPU
	EndGlobalSection
	GlobalSection(SolutionProperties) = preSolution
		HideSolutionNode = FALSE
	EndGlobalSection
EndGlobal
